
Microsoft Visual Studio Solution File, Format Version 12.00
# Visual Studio Version 17
VisualStudioVersion = 17.4.33213.308
MinimumVisualStudioVersion = 10.0.40219.1
Project("{9A19103F-16F7-4668-BE54-9A1E7A4F7556}") = "api-museu-gastronomia-capixaba", "api-museu-gastronomia-capixaba\api-museu-gastronomia-capixaba.csproj", "{1CDDBC9E-B199-48CE-B416-3DA42C8E2B6F}"
EndProject
Project("{2150E333-8FDC-42A3-9474-1A3956D46DE8}") = "Domain", "Domain", "{7F8B5EDF-2AA6-484B-AD21-C08C19A56A3E}"
EndProject
Project("{2150E333-8FDC-42A3-9474-1A3956D46DE8}") = "Persistence", "Persistence", "{5C0A5204-0604-4959-8396-A69DE67A90A7}"
EndProject
Project("{FAE04EC0-301F-11D3-BF4B-00C04F79EFBC}") = "Domain", "Domain\Domain.csproj", "{E30D5A88-969E-4562-B64C-1F58CE373AF6}"
EndProject
Project("{FAE04EC0-301F-11D3-BF4B-00C04F79EFBC}") = "Persistence", "Persistence\Persistence.csproj", "{D0EFBA65-F6AD-40C5-8962-FE248498BF9A}"
EndProject
Global
	GlobalSection(SolutionConfigurationPlatforms) = preSolution
		Debug|Any CPU = Debug|Any CPU
		Release|Any CPU = Release|Any CPU
	EndGlobalSection
	GlobalSection(ProjectConfigurationPlatforms) = postSolution
		{1CDDBC9E-B199-48CE-B416-3DA42C8E2B6F}.Debug|Any CPU.ActiveCfg = Debug|Any CPU
		{1CDDBC9E-B199-48CE-B416-3DA42C8E2B6F}.Debug|Any CPU.Build.0 = Debug|Any CPU
		{1CDDBC9E-B199-48CE-B416-3DA42C8E2B6F}.Release|Any CPU.ActiveCfg = Release|Any CPU
		{1CDDBC9E-B199-48CE-B416-3DA42C8E2B6F}.Release|Any CPU.Build.0 = Release|Any CPU
		{E30D5A88-969E-4562-B64C-1F58CE373AF6}.Debug|Any CPU.ActiveCfg = Debug|Any CPU
		{E30D5A88-969E-4562-B64C-1F58CE373AF6}.Debug|Any CPU.Build.0 = Debug|Any CPU
		{E30D5A88-969E-4562-B64C-1F58CE373AF6}.Release|Any CPU.ActiveCfg = Release|Any CPU
		{E30D5A88-969E-4562-B64C-1F58CE373AF6}.Release|Any CPU.Build.0 = Release|Any CPU
		{D0EFBA65-F6AD-40C5-8962-FE248498BF9A}.Debug|Any CPU.ActiveCfg = Debug|Any CPU
		{D0EFBA65-F6AD-40C5-8962-FE248498BF9A}.Debug|Any CPU.Build.0 = Debug|Any CPU
		{D0EFBA65-F6AD-40C5-8962-FE248498BF9A}.Release|Any CPU.ActiveCfg = Release|Any CPU
		{D0EFBA65-F6AD-40C5-8962-FE248498BF9A}.Release|Any CPU.Build.0 = Release|Any CPU
	EndGlobalSection
	GlobalSection(SolutionProperties) = preSolution
		HideSolutionNode = FALSE
	EndGlobalSection
	GlobalSection(NestedProjects) = preSolution
		{E30D5A88-969E-4562-B64C-1F58CE373AF6} = {7F8B5EDF-2AA6-484B-AD21-C08C19A56A3E}
		{D0EFBA65-F6AD-40C5-8962-FE248498BF9A} = {5C0A5204-0604-4959-8396-A69DE67A90A7}
	EndGlobalSection
	GlobalSection(ExtensibilityGlobals) = postSolution
		SolutionGuid = {80F42699-EA72-419D-96F7-4896670A9812}
	EndGlobalSection
EndGlobal
