
Microsoft Visual Studio Solution File, Format Version 12.00
# Visual Studio Version 17
VisualStudioVersion = 17.4.33213.308
MinimumVisualStudioVersion = 10.0.40219.1
Project("{9A19103F-16F7-4668-BE54-9A1E7A4F7556}") = "api-museu-gastronomia-capixaba", "api-museu-gastronomia-capixaba\api-museu-gastronomia-capixaba.csproj", "{1CDDBC9E-B199-48CE-B416-3DA42C8E2B6F}"
EndProject
Project("{9A19103F-16F7-4668-BE54-9A1E7A4F7556}") = "Domain", "Domain\Domain.csproj", "{E30D5A88-969E-4562-B64C-1F58CE373AF6}"
EndProject
Project("{9A19103F-16F7-4668-BE54-9A1E7A4F7556}") = "Data", "Persistence\Data.csproj", "{D0EFBA65-F6AD-40C5-8962-FE248498BF9A}"
EndProject
Project("{2150E333-8FDC-42A3-9474-1A3956D46DE8}") = "Solution Items", "Solution Items", "{C5D2BD44-4EDE-41C9-BAF9-AEC38C23985F}"
	ProjectSection(SolutionItems) = preProject
		.editorconfig = .editorconfig
	EndProjectSection
EndProject
Global
	GlobalSection(SolutionConfigurationPlatforms) = preSolution
		Debug|Any CPU = Debug|Any CPU
		Release|Any CPU = Release|Any CPU
	EndGlobalSection
	GlobalSection(ProjectConfigurationPlatforms) = postSolution
		{1CDDBC9E-B199-48CE-B416-3DA42C8E2B6F}.Debug|Any CPU.ActiveCfg = Debug|Any CPU
		{1CDDBC9E-B199-48CE-B416-3DA42C8E2B6F}.Debug|Any CPU.Build.0 = Debug|Any CPU
		{1CDDBC9E-B199-48CE-B416-3DA42C8E2B6F}.Release|Any CPU.ActiveCfg = Release|Any CPU
		{1CDDBC9E-B199-48CE-B416-3DA42C8E2B6F}.Release|Any CPU.Build.0 = Release|Any CPU
		{E30D5A88-969E-4562-B64C-1F58CE373AF6}.Debug|Any CPU.ActiveCfg = Debug|Any CPU
		{E30D5A88-969E-4562-B64C-1F58CE373AF6}.Debug|Any CPU.Build.0 = Debug|Any CPU
		{E30D5A88-969E-4562-B64C-1F58CE373AF6}.Release|Any CPU.ActiveCfg = Release|Any CPU
		{E30D5A88-969E-4562-B64C-1F58CE373AF6}.Release|Any CPU.Build.0 = Release|Any CPU
		{D0EFBA65-F6AD-40C5-8962-FE248498BF9A}.Debug|Any CPU.ActiveCfg = Debug|Any CPU
		{D0EFBA65-F6AD-40C5-8962-FE248498BF9A}.Debug|Any CPU.Build.0 = Debug|Any CPU
		{D0EFBA65-F6AD-40C5-8962-FE248498BF9A}.Release|Any CPU.ActiveCfg = Release|Any CPU
		{D0EFBA65-F6AD-40C5-8962-FE248498BF9A}.Release|Any CPU.Build.0 = Release|Any CPU
	EndGlobalSection
	GlobalSection(SolutionProperties) = preSolution
		HideSolutionNode = FALSE
	EndGlobalSection
	GlobalSection(ExtensibilityGlobals) = postSolution
		SolutionGuid = {80F42699-EA72-419D-96F7-4896670A9812}
	EndGlobalSection
EndGlobal
